
Microsoft Visual Studio Solution File, Format Version 12.00
Project("{FAE04EC0-301F-11D3-BF4B-00C04F79EFBC}") = "API", "API\API.csproj", "{1F4B0670-70AB-460D-95D6-DAB80DD670F6}"
EndProject
Project("{2150E333-8FDC-42A3-9474-1A3956D46DE8}") = "Src", "Src", "{F4C318EC-A3B6-46DE-A222-BAA3162CA874}"
EndProject
Project("{FAE04EC0-301F-11D3-BF4B-00C04F79EFBC}") = "CORE", "CORE\CORE.csproj", "{8F266ECF-9E4C-4171-9EB9-E95CE3105B69}"
EndProject
Project("{FAE04EC0-301F-11D3-BF4B-00C04F79EFBC}") = "INFRASTRUCTURE", "INFRASTRUCTURE\INFRASTRUCTURE.csproj", "{848DE826-F059-4A16-BCBD-66AB2595FD96}"
EndProject
Global
	GlobalSection(SolutionConfigurationPlatforms) = preSolution
		Debug|Any CPU = Debug|Any CPU
		Release|Any CPU = Release|Any CPU
	EndGlobalSection
	GlobalSection(ProjectConfigurationPlatforms) = postSolution
		{1F4B0670-70AB-460D-95D6-DAB80DD670F6}.Debug|Any CPU.ActiveCfg = Debug|Any CPU
		{1F4B0670-70AB-460D-95D6-DAB80DD670F6}.Debug|Any CPU.Build.0 = Debug|Any CPU
		{1F4B0670-70AB-460D-95D6-DAB80DD670F6}.Release|Any CPU.ActiveCfg = Release|Any CPU
		{1F4B0670-70AB-460D-95D6-DAB80DD670F6}.Release|Any CPU.Build.0 = Release|Any CPU
		{8F266ECF-9E4C-4171-9EB9-E95CE3105B69}.Debug|Any CPU.ActiveCfg = Debug|Any CPU
		{8F266ECF-9E4C-4171-9EB9-E95CE3105B69}.Debug|Any CPU.Build.0 = Debug|Any CPU
		{8F266ECF-9E4C-4171-9EB9-E95CE3105B69}.Release|Any CPU.ActiveCfg = Release|Any CPU
		{8F266ECF-9E4C-4171-9EB9-E95CE3105B69}.Release|Any CPU.Build.0 = Release|Any CPU
		{848DE826-F059-4A16-BCBD-66AB2595FD96}.Debug|Any CPU.ActiveCfg = Debug|Any CPU
		{848DE826-F059-4A16-BCBD-66AB2595FD96}.Debug|Any CPU.Build.0 = Debug|Any CPU
		{848DE826-F059-4A16-BCBD-66AB2595FD96}.Release|Any CPU.ActiveCfg = Release|Any CPU
		{848DE826-F059-4A16-BCBD-66AB2595FD96}.Release|Any CPU.Build.0 = Release|Any CPU
	EndGlobalSection
	GlobalSection(NestedProjects) = preSolution
		{1F4B0670-70AB-460D-95D6-DAB80DD670F6} = {F4C318EC-A3B6-46DE-A222-BAA3162CA874}
		{8F266ECF-9E4C-4171-9EB9-E95CE3105B69} = {F4C318EC-A3B6-46DE-A222-BAA3162CA874}
		{848DE826-F059-4A16-BCBD-66AB2595FD96} = {F4C318EC-A3B6-46DE-A222-BAA3162CA874}
	EndGlobalSection
EndGlobal
